
Microsoft Visual Studio Solution File, Format Version 12.00
Project("{FAE04EC0-301F-11D3-BF4B-00C04F79EFBC}") = "APBD-PJATK-Cw3-s29953", "APBD-PJATK-Cw3-s29953\APBD-PJATK-Cw3-s29953.csproj", "{72CACCA4-D4BD-4086-A6B4-D75353FAA571}"
EndProject
Global
	GlobalSection(SolutionConfigurationPlatforms) = preSolution
		Debug|Any CPU = Debug|Any CPU
		Release|Any CPU = Release|Any CPU
	EndGlobalSection
	GlobalSection(ProjectConfigurationPlatforms) = postSolution
		{72CACCA4-D4BD-4086-A6B4-D75353FAA571}.Debug|Any CPU.ActiveCfg = Debug|Any CPU
		{72CACCA4-D4BD-4086-A6B4-D75353FAA571}.Debug|Any CPU.Build.0 = Debug|Any CPU
		{72CACCA4-D4BD-4086-A6B4-D75353FAA571}.Release|Any CPU.ActiveCfg = Release|Any CPU
		{72CACCA4-D4BD-4086-A6B4-D75353FAA571}.Release|Any CPU.Build.0 = Release|Any CPU
	EndGlobalSection
EndGlobal
